// !$*UTF8*$!
{
	archiveVersion = 1;
	classes = {
	};
	objectVersion = 46;
	objects = {

/* Begin PBXBuildFile section */
		848AE6EC1CE9B81F0001A596 /* AppDelegate.swift in Sources */ = {isa = PBXBuildFile; fileRef = 848AE6EB1CE9B81F0001A596 /* AppDelegate.swift */; };
		848AE6EE1CE9B81F0001A596 /* ViewController.swift in Sources */ = {isa = PBXBuildFile; fileRef = 848AE6ED1CE9B81F0001A596 /* ViewController.swift */; };
		848AE6F11CE9B81F0001A596 /* Main.storyboard in Resources */ = {isa = PBXBuildFile; fileRef = 848AE6EF1CE9B81F0001A596 /* Main.storyboard */; };
		848AE6F31CE9B81F0001A596 /* Assets.xcassets in Resources */ = {isa = PBXBuildFile; fileRef = 848AE6F21CE9B81F0001A596 /* Assets.xcassets */; };
		848AE6F61CE9B81F0001A596 /* LaunchScreen.storyboard in Resources */ = {isa = PBXBuildFile; fileRef = 848AE6F41CE9B81F0001A596 /* LaunchScreen.storyboard */; };
/* End PBXBuildFile section */

/* Begin PBXFileReference section */
		848AE6E81CE9B81F0001A596 /* SearchBarWithAlamofire.app */ = {isa = PBXFileReference; explicitFileType = wrapper.application; includeInIndex = 0; path = SearchBarWithAlamofire.app; sourceTree = BUILT_PRODUCTS_DIR; };
		848AE6EB1CE9B81F0001A596 /* AppDelegate.swift */ = {isa = PBXFileReference; lastKnownFileType = sourcecode.swift; path = AppDelegate.swift; sourceTree = "<group>"; };
		848AE6ED1CE9B81F0001A596 /* ViewController.swift */ = {isa = PBXFileReference; lastKnownFileType = sourcecode.swift; path = ViewController.swift; sourceTree = "<group>"; };
		848AE6F01CE9B81F0001A596 /* Base */ = {isa = PBXFileReference; lastKnownFileType = file.storyboard; name = Base; path = Base.lproj/Main.storyboard; sourceTree = "<group>"; };
		848AE6F21CE9B81F0001A596 /* Assets.xcassets */ = {isa = PBXFileReference; lastKnownFileType = folder.assetcatalog; path = Assets.xcassets; sourceTree = "<group>"; };
		848AE6F51CE9B81F0001A596 /* Base */ = {isa = PBXFileReference; lastKnownFileType = file.storyboard; name = Base; path = Base.lproj/LaunchScreen.storyboard; sourceTree = "<group>"; };
		848AE6F71CE9B81F0001A596 /* Info.plist */ = {isa = PBXFileReference; lastKnownFileType = text.plist.xml; path = Info.plist; sourceTree = "<group>"; };
/* End PBXFileReference section */

/* Begin PBXFrameworksBuildPhase section */
		848AE6E51CE9B81F0001A596 /* Frameworks */ = {
			isa = PBXFrameworksBuildPhase;
			buildActionMask = 2147483647;
			files = (
			);
			runOnlyForDeploymentPostprocessing = 0;
		};
/* End PBXFrameworksBuildPhase section */

/* Begin PBXGroup section */
		848AE6DF1CE9B81F0001A596 = {
			isa = PBXGroup;
			children = (
				848AE6EA1CE9B81F0001A596 /* SearchBarWithAlamofire */,
				848AE6E91CE9B81F0001A596 /* Products */,
			);
			sourceTree = "<group>";
		};
		848AE6E91CE9B81F0001A596 /* Products */ = {
			isa = PBXGroup;
			children = (
				848AE6E81CE9B81F0001A596 /* SearchBarWithAlamofire.app */,
			);
			name = Products;
			sourceTree = "<group>";
		};
		848AE6EA1CE9B81F0001A596 /* SearchBarWithAlamofire */ = {
			isa = PBXGroup;
			children = (
				848AE6EB1CE9B81F0001A596 /* AppDelegate.swift */,
				848AE6ED1CE9B81F0001A596 /* ViewController.swift */,
				848AE6EF1CE9B81F0001A596 /* Main.storyboard */,
				848AE6F21CE9B81F0001A596 /* Assets.xcassets */,
				848AE6F41CE9B81F0001A596 /* LaunchScreen.storyboard */,
				848AE6F71CE9B81F0001A596 /* Info.plist */,
			);
			path = SearchBarWithAlamofire;
			sourceTree = "<group>";
		};
/* End PBXGroup section */

/* Begin PBXNativeTarget section */
		848AE6E71CE9B81F0001A596 /* SearchBarWithAlamofire */ = {
			isa = PBXNativeTarget;
			buildConfigurationList = 848AE6FA1CE9B81F0001A596 /* Build configuration list for PBXNativeTarget "SearchBarWithAlamofire" */;
			buildPhases = (
				848AE6E41CE9B81F0001A596 /* Sources */,
				848AE6E51CE9B81F0001A596 /* Frameworks */,
				848AE6E61CE9B81F0001A596 /* Resources */,
			);
			buildRules = (
			);
			dependencies = (
			);
			name = SearchBarWithAlamofire;
			productName = SearchBarWithAlamofire;
			productReference = 848AE6E81CE9B81F0001A596 /* SearchBarWithAlamofire.app */;
			productType = "com.apple.product-type.application";
		};
/* End PBXNativeTarget section */

/* Begin PBXProject section */
		848AE6E01CE9B81F0001A596 /* Project object */ = {
			isa = PBXProject;
			attributes = {
				LastSwiftUpdateCheck = 0730;
				LastUpgradeCheck = 0730;
				ORGANIZATIONNAME = All2Sale;
				TargetAttributes = {
					848AE6E71CE9B81F0001A596 = {
						CreatedOnToolsVersion = 7.3.1;
						DevelopmentTeam = Z32K7UXVG2;
					};
				};
			};
			buildConfigurationList = 848AE6E31CE9B81F0001A596 /* Build configuration list for PBXProject "SearchBarWithAlamofire" */;
			compatibilityVersion = "Xcode 3.2";
			developmentRegion = English;
			hasScannedForEncodings = 0;
			knownRegions = (
				en,
				Base,
			);
			mainGroup = 848AE6DF1CE9B81F0001A596;
			productRefGroup = 848AE6E91CE9B81F0001A596 /* Products */;
			projectDirPath = "";
			projectRoot = "";
			targets = (
				848AE6E71CE9B81F0001A596 /* SearchBarWithAlamofire */,
			);
		};
/* End PBXProject section */

/* Begin PBXResourcesBuildPhase section */
		848AE6E61CE9B81F0001A596 /* Resources */ = {
			isa = PBXResourcesBuildPhase;
			buildActionMask = 2147483647;
			files = (
				848AE6F61CE9B81F0001A596 /* LaunchScreen.storyboard in Resources */,
				848AE6F31CE9B81F0001A596 /* Assets.xcassets in Resources */,
				848AE6F11CE9B81F0001A596 /* Main.storyboard in Resources */,
			);
			runOnlyForDeploymentPostprocessing = 0;
		};
/* End PBXResourcesBuildPhase section */

/* Begin PBXSourcesBuildPhase section */
		848AE6E41CE9B81F0001A596 /* Sources */ = {
			isa = PBXSourcesBuildPhase;
			buildActionMask = 2147483647;
			files = (
				848AE6EE1CE9B81F0001A596 /* ViewController.swift in Sources */,
				848AE6EC1CE9B81F0001A596 /* AppDelegate.swift in Sources */,
			);
			runOnlyForDeploymentPostprocessing = 0;
		};
/* End PBXSourcesBuildPhase section */

/* Begin PBXVariantGroup section */
		848AE6EF1CE9B81F0001A596 /* Main.storyboard */ = {
			isa = PBXVariantGroup;
			children = (
				848AE6F01CE9B81F0001A596 /* Base */,
			);
			name = Main.storyboard;
			sourceTree = "<group>";
		};
		848AE6F41CE9B81F0001A596 /* LaunchScreen.storyboard */ = {
			isa = PBXVariantGroup;
			children = (
				848AE6F51CE9B81F0001A596 /* Base */,
			);
			name = LaunchScreen.storyboard;
			sourceTree = "<group>";
		};
/* End PBXVariantGroup section */

/* Begin XCBuildConfiguration section */
		848AE6F81CE9B81F0001A596 /* Debug */ = {
			isa = XCBuildConfiguration;
			buildSettings = {
				ALWAYS_SEARCH_USER_PATHS = NO;
				CLANG_ANALYZER_NONNULL = YES;
				CLANG_CXX_LANGUAGE_STANDARD = "gnu++0x";
				CLANG_CXX_LIBRARY = "libc++";
				CLANG_ENABLE_MODULES = YES;
				CLANG_ENABLE_OBJC_ARC = YES;
				CLANG_WARN_BOOL_CONVERSION = YES;
				CLANG_WARN_CONSTANT_CONVERSION = YES;
				CLANG_WARN_DIRECT_OBJC_ISA_USAGE = YES_ERROR;
				CLANG_WARN_EMPTY_BODY = YES;
				CLANG_WARN_ENUM_CONVERSION = YES;
				CLANG_WARN_INT_CONVERSION = YES;
				CLANG_WARN_OBJC_ROOT_CLASS = YES_ERROR;
				CLANG_WARN_UNREACHABLE_CODE = YES;
				CLANG_WARN__DUPLICATE_METHOD_MATCH = YES;
				"CODE_SIGN_IDENTITY[sdk=iphoneos*]" = "iPhone Developer";
				COPY_PHASE_STRIP = NO;
				DEBUG_INFORMATION_FORMAT = dwarf;
				ENABLE_STRICT_OBJC_MSGSEND = YES;
				ENABLE_TESTABILITY = YES;
				GCC_C_LANGUAGE_STANDARD = gnu99;
				GCC_DYNAMIC_NO_PIC = NO;
				GCC_NO_COMMON_BLOCKS = YES;
				GCC_OPTIMIZATION_LEVEL = 0;
				GCC_PREPROCESSOR_DEFINITIONS = (
					"DEBUG=1",
					"$(inherited)",
				);
				GCC_WARN_64_TO_32_BIT_CONVERSION = YES;
				GCC_WARN_ABOUT_RETURN_TYPE = YES_ERROR;
				GCC_WARN_UNDECLARED_SELECTOR = YES;
				GCC_WARN_UNINITIALIZED_AUTOS = YES_AGGRESSIVE;
				GCC_WARN_UNUSED_FUNCTION = YES;
				GCC_WARN_UNUSED_VARIABLE = YES;
				IPHONEOS_DEPLOYMENT_TARGET = 9.3;
				MTL_ENABLE_DEBUG_INFO = YES;
				ONLY_ACTIVE_ARCH = YES;
				SDKROOT = iphoneos;
				SWIFT_OPTIMIZATION_LEVEL = "-Onone";
			};
			name = Debug;
		};
		848AE6F91CE9B81F0001A596 /* Release */ = {
			isa = XCBuildConfiguration;
			buildSettings = {
				ALWAYS_SEARCH_USER_PATHS = NO;
				CLANG_ANALYZER_NONNULL = YES;
				CLANG_CXX_LANGUAGE_STANDARD = "gnu++0x";
				CLANG_CXX_LIBRARY = "libc++";
				CLANG_ENABLE_MODULES = YES;
				CLANG_ENABLE_OBJC_ARC = YES;
				CLANG_WARN_BOOL_CONVERSION = YES;
				CLANG_WARN_CONSTANT_CONVERSION = YES;
				CLANG_WARN_DIRECT_OBJC_ISA_USAGE = YES_ERROR;
				CLANG_WARN_EMPTY_BODY = YES;
				CLANG_WARN_ENUM_CONVERSION = YES;
				CLANG_WARN_INT_CONVERSION = YES;
				CLANG_WARN_OBJC_ROOT_CLASS = YES_ERROR;
				CLANG_WARN_UNREACHABLE_CODE = YES;
				CLANG_WARN__DUPLICATE_METHOD_MATCH = YES;
				"CODE_SIGN_IDENTITY[sdk=iphoneos*]" = "iPhone Developer";
				COPY_PHASE_STRIP = NO;
				DEBUG_INFORMATION_FORMAT = "dwarf-with-dsym";
				ENABLE_NS_ASSERTIONS = NO;
				ENABLE_STRICT_OBJC_MSGSEND = YES;
				GCC_C_LANGUAGE_STANDARD = gnu99;
				GCC_NO_COMMON_BLOCKS = YES;
				GCC_WARN_64_TO_32_BIT_CONVERSION = YES;
				GCC_WARN_ABOUT_RETURN_TYPE = YES_ERROR;
				GCC_WARN_UNDECLARED_SELECTOR = YES;
				GCC_WARN_UNINITIALIZED_AUTOS = YES_AGGRESSIVE;
				GCC_WARN_UNUSED_FUNCTION = YES;
				GCC_WARN_UNUSED_VARIABLE = YES;
				IPHONEOS_DEPLOYMENT_TARGET = 9.3;
				MTL_ENABLE_DEBUG_INFO = NO;
				SDKROOT = iphoneos;
				VALIDATE_PRODUCT = YES;
			};
			name = Release;
		};
		848AE6FB1CE9B81F0001A596 /* Debug */ = {
			isa = XCBuildConfiguration;
			buildSettings = {
				ASSETCATALOG_COMPILER_APPICON_NAME = AppIcon;
				INFOPLIST_FILE = SearchBarWithAlamofire/Info.plist;
				LD_RUNPATH_SEARCH_PATHS = "$(inherited) @executable_path/Frameworks";
				PRODUCT_BUNDLE_IDENTIFIER = com.all2sale.SearchBarWithAlamofire;
				PRODUCT_NAME = "$(TARGET_NAME)";
			};
			name = Debug;
		};
		848AE6FC1CE9B81F0001A596 /* Release */ = {
			isa = XCBuildConfiguration;
			buildSettings = {
				ASSETCATALOG_COMPILER_APPICON_NAME = AppIcon;
				INFOPLIST_FILE = SearchBarWithAlamofire/Info.plist;
				LD_RUNPATH_SEARCH_PATHS = "$(inherited) @executable_path/Frameworks";
				PRODUCT_BUNDLE_IDENTIFIER = com.all2sale.SearchBarWithAlamofire;
				PRODUCT_NAME = "$(TARGET_NAME)";
			};
			name = Release;
		};
/* End XCBuildConfiguration section */

/* Begin XCConfigurationList section */
		848AE6E31CE9B81F0001A596 /* Build configuration list for PBXProject "SearchBarWithAlamofire" */ = {
			isa = XCConfigurationList;
			buildConfigurations = (
				848AE6F81CE9B81F0001A596 /* Debug */,
				848AE6F91CE9B81F0001A596 /* Release */,
			);
			defaultConfigurationIsVisible = 0;
			defaultConfigurationName = Release;
		};
		848AE6FA1CE9B81F0001A596 /* Build configuration list for PBXNativeTarget "SearchBarWithAlamofire" */ = {
			isa = XCConfigurationList;
			buildConfigurations = (
				848AE6FB1CE9B81F0001A596 /* Debug */,
				848AE6FC1CE9B81F0001A596 /* Release */,
			);
			defaultConfigurationIsVisible = 0;
		};
/* End XCConfigurationList section */
	};
	rootObject = 848AE6E01CE9B81F0001A596 /* Project object */;
}
