// !$*UTF8*$!
{
	archiveVersion = 1;
	classes = {
	};
	objectVersion = 46;
	objects = {

/* Begin PBXBuildFile section */
		0B70DD2228A6B2A49E9B963A /* Pods_SearchBarWithAlamofire.framework in Frameworks */ = {isa = PBXBuildFile; fileRef = EA1C46F55E49B78C05B4362F /* Pods_SearchBarWithAlamofire.framework */; };
		848AE6EC1CE9B81F0001A596 /* AppDelegate.swift in Sources */ = {isa = PBXBuildFile; fileRef = 848AE6EB1CE9B81F0001A596 /* AppDelegate.swift */; };
		848AE6EE1CE9B81F0001A596 /* ViewController.swift in Sources */ = {isa = PBXBuildFile; fileRef = 848AE6ED1CE9B81F0001A596 /* ViewController.swift */; };
		848AE6F11CE9B81F0001A596 /* Main.storyboard in Resources */ = {isa = PBXBuildFile; fileRef = 848AE6EF1CE9B81F0001A596 /* Main.storyboard */; };
		848AE6F31CE9B81F0001A596 /* Assets.xcassets in Resources */ = {isa = PBXBuildFile; fileRef = 848AE6F21CE9B81F0001A596 /* Assets.xcassets */; };
		848AE6F61CE9B81F0001A596 /* LaunchScreen.storyboard in Resources */ = {isa = PBXBuildFile; fileRef = 848AE6F41CE9B81F0001A596 /* LaunchScreen.storyboard */; };
		848AE6FE1CE9B8290001A596 /* Podfile in Resources */ = {isa = PBXBuildFile; fileRef = 848AE6FD1CE9B8290001A596 /* Podfile */; };
		848AE7001CE9BD570001A596 /* ProductItem.swift in Sources */ = {isa = PBXBuildFile; fileRef = 848AE6FF1CE9BD570001A596 /* ProductItem.swift */; };
/* End PBXBuildFile section */

/* Begin PBXFileReference section */
		254B657F072D60DE7C29EAC8 /* Pods-SearchBarWithAlamofire.debug.xcconfig */ = {isa = PBXFileReference; includeInIndex = 1; lastKnownFileType = text.xcconfig; name = "Pods-SearchBarWithAlamofire.debug.xcconfig"; path = "Pods/Target Support Files/Pods-SearchBarWithAlamofire/Pods-SearchBarWithAlamofire.debug.xcconfig"; sourceTree = "<group>"; };
		848AE6E81CE9B81F0001A596 /* SearchBarWithAlamofire.app */ = {isa = PBXFileReference; explicitFileType = wrapper.application; includeInIndex = 0; path = SearchBarWithAlamofire.app; sourceTree = BUILT_PRODUCTS_DIR; };
		848AE6EB1CE9B81F0001A596 /* AppDelegate.swift */ = {isa = PBXFileReference; lastKnownFileType = sourcecode.swift; path = AppDelegate.swift; sourceTree = "<group>"; };
		848AE6ED1CE9B81F0001A596 /* ViewController.swift */ = {isa = PBXFileReference; lastKnownFileType = sourcecode.swift; path = ViewController.swift; sourceTree = "<group>"; };
		848AE6F01CE9B81F0001A596 /* Base */ = {isa = PBXFileReference; lastKnownFileType = file.storyboard; name = Base; path = Base.lproj/Main.storyboard; sourceTree = "<group>"; };
		848AE6F21CE9B81F0001A596 /* Assets.xcassets */ = {isa = PBXFileReference; lastKnownFileType = folder.assetcatalog; path = Assets.xcassets; sourceTree = "<group>"; };
		848AE6F51CE9B81F0001A596 /* Base */ = {isa = PBXFileReference; lastKnownFileType = file.storyboard; name = Base; path = Base.lproj/LaunchScreen.storyboard; sourceTree = "<group>"; };
		848AE6F71CE9B81F0001A596 /* Info.plist */ = {isa = PBXFileReference; lastKnownFileType = text.plist.xml; path = Info.plist; sourceTree = "<group>"; };
		848AE6FD1CE9B8290001A596 /* Podfile */ = {isa = PBXFileReference; fileEncoding = 4; lastKnownFileType = text; path = Podfile; sourceTree = "<group>"; };
		848AE6FF1CE9BD570001A596 /* ProductItem.swift */ = {isa = PBXFileReference; fileEncoding = 4; lastKnownFileType = sourcecode.swift; path = ProductItem.swift; sourceTree = "<group>"; };
		D3940750F44BBC3174E965B7 /* Pods-SearchBarWithAlamofire.release.xcconfig */ = {isa = PBXFileReference; includeInIndex = 1; lastKnownFileType = text.xcconfig; name = "Pods-SearchBarWithAlamofire.release.xcconfig"; path = "Pods/Target Support Files/Pods-SearchBarWithAlamofire/Pods-SearchBarWithAlamofire.release.xcconfig"; sourceTree = "<group>"; };
		EA1C46F55E49B78C05B4362F /* Pods_SearchBarWithAlamofire.framework */ = {isa = PBXFileReference; explicitFileType = wrapper.framework; includeInIndex = 0; path = Pods_SearchBarWithAlamofire.framework; sourceTree = BUILT_PRODUCTS_DIR; };
/* End PBXFileReference section */

/* Begin PBXFrameworksBuildPhase section */
		848AE6E51CE9B81F0001A596 /* Frameworks */ = {
			isa = PBXFrameworksBuildPhase;
			buildActionMask = 2147483647;
			files = (
				0B70DD2228A6B2A49E9B963A /* Pods_SearchBarWithAlamofire.framework in Frameworks */,
			);
			runOnlyForDeploymentPostprocessing = 0;
		};
/* End PBXFrameworksBuildPhase section */

/* Begin PBXGroup section */
		49ABE002EDA885A7190DEFD1 /* Pods */ = {
			isa = PBXGroup;
			children = (
				254B657F072D60DE7C29EAC8 /* Pods-SearchBarWithAlamofire.debug.xcconfig */,
				D3940750F44BBC3174E965B7 /* Pods-SearchBarWithAlamofire.release.xcconfig */,
			);
			name = Pods;
			sourceTree = "<group>";
		};
		846D0550200F60FA870556D9 /* Frameworks */ = {
			isa = PBXGroup;
			children = (
				EA1C46F55E49B78C05B4362F /* Pods_SearchBarWithAlamofire.framework */,
			);
			name = Frameworks;
			sourceTree = "<group>";
		};
		848AE6DF1CE9B81F0001A596 = {
			isa = PBXGroup;
			children = (
				848AE6FD1CE9B8290001A596 /* Podfile */,
				848AE6EA1CE9B81F0001A596 /* SearchBarWithAlamofire */,
				848AE6E91CE9B81F0001A596 /* Products */,
				49ABE002EDA885A7190DEFD1 /* Pods */,
				846D0550200F60FA870556D9 /* Frameworks */,
			);
			sourceTree = "<group>";
		};
		848AE6E91CE9B81F0001A596 /* Products */ = {
			isa = PBXGroup;
			children = (
				848AE6E81CE9B81F0001A596 /* SearchBarWithAlamofire.app */,
			);
			name = Products;
			sourceTree = "<group>";
		};
		848AE6EA1CE9B81F0001A596 /* SearchBarWithAlamofire */ = {
			isa = PBXGroup;
			children = (
				848AE6EB1CE9B81F0001A596 /* AppDelegate.swift */,
				848AE6ED1CE9B81F0001A596 /* ViewController.swift */,
				848AE6EF1CE9B81F0001A596 /* Main.storyboard */,
				848AE6F21CE9B81F0001A596 /* Assets.xcassets */,
				848AE6F41CE9B81F0001A596 /* LaunchScreen.storyboard */,
				848AE6F71CE9B81F0001A596 /* Info.plist */,
				848AE6FF1CE9BD570001A596 /* ProductItem.swift */,
			);
			path = SearchBarWithAlamofire;
			sourceTree = "<group>";
		};
/* End PBXGroup section */

/* Begin PBXNativeTarget section */
		848AE6E71CE9B81F0001A596 /* SearchBarWithAlamofire */ = {
			isa = PBXNativeTarget;
			buildConfigurationList = 848AE6FA1CE9B81F0001A596 /* Build configuration list for PBXNativeTarget "SearchBarWithAlamofire" */;
			buildPhases = (
				49EDE32BBF0AF0DA4E5ABB46 /* Check Pods Manifest.lock */,
				848AE6E41CE9B81F0001A596 /* Sources */,
				848AE6E51CE9B81F0001A596 /* Frameworks */,
				848AE6E61CE9B81F0001A596 /* Resources */,
				B09DA7B3FA40C1C41E0BF8AD /* Embed Pods Frameworks */,
				5A5240AB722BB3F4CC7A35CA /* Copy Pods Resources */,
			);
			buildRules = (
			);
			dependencies = (
			);
			name = SearchBarWithAlamofire;
			productName = SearchBarWithAlamofire;
			productReference = 848AE6E81CE9B81F0001A596 /* SearchBarWithAlamofire.app */;
			productType = "com.apple.product-type.application";
		};
/* End PBXNativeTarget section */

/* Begin PBXProject section */
		848AE6E01CE9B81F0001A596 /* Project object */ = {
			isa = PBXProject;
			attributes = {
				LastSwiftUpdateCheck = 0730;
				LastUpgradeCheck = 0730;
				ORGANIZATIONNAME = All2Sale;
				TargetAttributes = {
					848AE6E71CE9B81F0001A596 = {
						CreatedOnToolsVersion = 7.3.1;
						DevelopmentTeam = Z32K7UXVG2;
					};
				};
			};
			buildConfigurationList = 848AE6E31CE9B81F0001A596 /* Build configuration list for PBXProject "SearchBarWithAlamofire" */;
			compatibilityVersion = "Xcode 3.2";
			developmentRegion = English;
			hasScannedForEncodings = 0;
			knownRegions = (
				en,
				Base,
			);
			mainGroup = 848AE6DF1CE9B81F0001A596;
			productRefGroup = 848AE6E91CE9B81F0001A596 /* Products */;
			projectDirPath = "";
			projectRoot = "";
			targets = (
				848AE6E71CE9B81F0001A596 /* SearchBarWithAlamofire */,
			);
		};
/* End PBXProject section */

/* Begin PBXResourcesBuildPhase section */
		848AE6E61CE9B81F0001A596 /* Resources */ = {
			isa = PBXResourcesBuildPhase;
			buildActionMask = 2147483647;
			files = (
				848AE6F61CE9B81F0001A596 /* LaunchScreen.storyboard in Resources */,
				848AE6F31CE9B81F0001A596 /* Assets.xcassets in Resources */,
				848AE6FE1CE9B8290001A596 /* Podfile in Resources */,
				848AE6F11CE9B81F0001A596 /* Main.storyboard in Resources */,
			);
			runOnlyForDeploymentPostprocessing = 0;
		};
/* End PBXResourcesBuildPhase section */

/* Begin PBXShellScriptBuildPhase section */
		49EDE32BBF0AF0DA4E5ABB46 /* Check Pods Manifest.lock */ = {
			isa = PBXShellScriptBuildPhase;
			buildActionMask = 2147483647;
			files = (
			);
			inputPaths = (
			);
			name = "Check Pods Manifest.lock";
			outputPaths = (
			);
			runOnlyForDeploymentPostprocessing = 0;
			shellPath = /bin/sh;
			shellScript = "diff \"${PODS_ROOT}/../Podfile.lock\" \"${PODS_ROOT}/Manifest.lock\" > /dev/null\nif [[ $? != 0 ]] ; then\n    cat << EOM\nerror: The sandbox is not in sync with the Podfile.lock. Run 'pod install' or update your CocoaPods installation.\nEOM\n    exit 1\nfi\n";
			showEnvVarsInLog = 0;
		};
		5A5240AB722BB3F4CC7A35CA /* Copy Pods Resources */ = {
			isa = PBXShellScriptBuildPhase;
			buildActionMask = 2147483647;
			files = (
			);
			inputPaths = (
			);
			name = "Copy Pods Resources";
			outputPaths = (
			);
			runOnlyForDeploymentPostprocessing = 0;
			shellPath = /bin/sh;
			shellScript = "\"${SRCROOT}/Pods/Target Support Files/Pods-SearchBarWithAlamofire/Pods-SearchBarWithAlamofire-resources.sh\"\n";
			showEnvVarsInLog = 0;
		};
		B09DA7B3FA40C1C41E0BF8AD /* Embed Pods Frameworks */ = {
			isa = PBXShellScriptBuildPhase;
			buildActionMask = 2147483647;
			files = (
			);
			inputPaths = (
			);
			name = "Embed Pods Frameworks";
			outputPaths = (
			);
			runOnlyForDeploymentPostprocessing = 0;
			shellPath = /bin/sh;
			shellScript = "\"${SRCROOT}/Pods/Target Support Files/Pods-SearchBarWithAlamofire/Pods-SearchBarWithAlamofire-frameworks.sh\"\n";
			showEnvVarsInLog = 0;
		};
/* End PBXShellScriptBuildPhase section */

/* Begin PBXSourcesBuildPhase section */
		848AE6E41CE9B81F0001A596 /* Sources */ = {
			isa = PBXSourcesBuildPhase;
			buildActionMask = 2147483647;
			files = (
				848AE7001CE9BD570001A596 /* ProductItem.swift in Sources */,
				848AE6EE1CE9B81F0001A596 /* ViewController.swift in Sources */,
				848AE6EC1CE9B81F0001A596 /* AppDelegate.swift in Sources */,
			);
			runOnlyForDeploymentPostprocessing = 0;
		};
/* End PBXSourcesBuildPhase section */

/* Begin PBXVariantGroup section */
		848AE6EF1CE9B81F0001A596 /* Main.storyboard */ = {
			isa = PBXVariantGroup;
			children = (
				848AE6F01CE9B81F0001A596 /* Base */,
			);
			name = Main.storyboard;
			sourceTree = "<group>";
		};
		848AE6F41CE9B81F0001A596 /* LaunchScreen.storyboard */ = {
			isa = PBXVariantGroup;
			children = (
				848AE6F51CE9B81F0001A596 /* Base */,
			);
			name = LaunchScreen.storyboard;
			sourceTree = "<group>";
		};
/* End PBXVariantGroup section */

/* Begin XCBuildConfiguration section */
		848AE6F81CE9B81F0001A596 /* Debug */ = {
			isa = XCBuildConfiguration;
			buildSettings = {
				ALWAYS_SEARCH_USER_PATHS = NO;
				CLANG_ANALYZER_NONNULL = YES;
				CLANG_CXX_LANGUAGE_STANDARD = "gnu++0x";
				CLANG_CXX_LIBRARY = "libc++";
				CLANG_ENABLE_MODULES = YES;
				CLANG_ENABLE_OBJC_ARC = YES;
				CLANG_WARN_BOOL_CONVERSION = YES;
				CLANG_WARN_CONSTANT_CONVERSION = YES;
				CLANG_WARN_DIRECT_OBJC_ISA_USAGE = YES_ERROR;
				CLANG_WARN_EMPTY_BODY = YES;
				CLANG_WARN_ENUM_CONVERSION = YES;
				CLANG_WARN_INT_CONVERSION = YES;
				CLANG_WARN_OBJC_ROOT_CLASS = YES_ERROR;
				CLANG_WARN_UNREACHABLE_CODE = YES;
				CLANG_WARN__DUPLICATE_METHOD_MATCH = YES;
				"CODE_SIGN_IDENTITY[sdk=iphoneos*]" = "iPhone Developer";
				COPY_PHASE_STRIP = NO;
				DEBUG_INFORMATION_FORMAT = dwarf;
				ENABLE_STRICT_OBJC_MSGSEND = YES;
				ENABLE_TESTABILITY = YES;
				GCC_C_LANGUAGE_STANDARD = gnu99;
				GCC_DYNAMIC_NO_PIC = NO;
				GCC_NO_COMMON_BLOCKS = YES;
				GCC_OPTIMIZATION_LEVEL = 0;
				GCC_PREPROCESSOR_DEFINITIONS = (
					"DEBUG=1",
					"$(inherited)",
				);
				GCC_WARN_64_TO_32_BIT_CONVERSION = YES;
				GCC_WARN_ABOUT_RETURN_TYPE = YES_ERROR;
				GCC_WARN_UNDECLARED_SELECTOR = YES;
				GCC_WARN_UNINITIALIZED_AUTOS = YES_AGGRESSIVE;
				GCC_WARN_UNUSED_FUNCTION = YES;
				GCC_WARN_UNUSED_VARIABLE = YES;
				IPHONEOS_DEPLOYMENT_TARGET = 9.3;
				MTL_ENABLE_DEBUG_INFO = YES;
				ONLY_ACTIVE_ARCH = YES;
				SDKROOT = iphoneos;
				SWIFT_OPTIMIZATION_LEVEL = "-Onone";
			};
			name = Debug;
		};
		848AE6F91CE9B81F0001A596 /* Release */ = {
			isa = XCBuildConfiguration;
			buildSettings = {
				ALWAYS_SEARCH_USER_PATHS = NO;
				CLANG_ANALYZER_NONNULL = YES;
				CLANG_CXX_LANGUAGE_STANDARD = "gnu++0x";
				CLANG_CXX_LIBRARY = "libc++";
				CLANG_ENABLE_MODULES = YES;
				CLANG_ENABLE_OBJC_ARC = YES;
				CLANG_WARN_BOOL_CONVERSION = YES;
				CLANG_WARN_CONSTANT_CONVERSION = YES;
				CLANG_WARN_DIRECT_OBJC_ISA_USAGE = YES_ERROR;
				CLANG_WARN_EMPTY_BODY = YES;
				CLANG_WARN_ENUM_CONVERSION = YES;
				CLANG_WARN_INT_CONVERSION = YES;
				CLANG_WARN_OBJC_ROOT_CLASS = YES_ERROR;
				CLANG_WARN_UNREACHABLE_CODE = YES;
				CLANG_WARN__DUPLICATE_METHOD_MATCH = YES;
				"CODE_SIGN_IDENTITY[sdk=iphoneos*]" = "iPhone Developer";
				COPY_PHASE_STRIP = NO;
				DEBUG_INFORMATION_FORMAT = "dwarf-with-dsym";
				ENABLE_NS_ASSERTIONS = NO;
				ENABLE_STRICT_OBJC_MSGSEND = YES;
				GCC_C_LANGUAGE_STANDARD = gnu99;
				GCC_NO_COMMON_BLOCKS = YES;
				GCC_WARN_64_TO_32_BIT_CONVERSION = YES;
				GCC_WARN_ABOUT_RETURN_TYPE = YES_ERROR;
				GCC_WARN_UNDECLARED_SELECTOR = YES;
				GCC_WARN_UNINITIALIZED_AUTOS = YES_AGGRESSIVE;
				GCC_WARN_UNUSED_FUNCTION = YES;
				GCC_WARN_UNUSED_VARIABLE = YES;
				IPHONEOS_DEPLOYMENT_TARGET = 9.3;
				MTL_ENABLE_DEBUG_INFO = NO;
				SDKROOT = iphoneos;
				VALIDATE_PRODUCT = YES;
			};
			name = Release;
		};
		848AE6FB1CE9B81F0001A596 /* Debug */ = {
			isa = XCBuildConfiguration;
			baseConfigurationReference = 254B657F072D60DE7C29EAC8 /* Pods-SearchBarWithAlamofire.debug.xcconfig */;
			buildSettings = {
				ASSETCATALOG_COMPILER_APPICON_NAME = AppIcon;
				INFOPLIST_FILE = SearchBarWithAlamofire/Info.plist;
				LD_RUNPATH_SEARCH_PATHS = "$(inherited) @executable_path/Frameworks";
				PRODUCT_BUNDLE_IDENTIFIER = com.all2sale.SearchBarWithAlamofire;
				PRODUCT_NAME = "$(TARGET_NAME)";
			};
			name = Debug;
		};
		848AE6FC1CE9B81F0001A596 /* Release */ = {
			isa = XCBuildConfiguration;
			baseConfigurationReference = D3940750F44BBC3174E965B7 /* Pods-SearchBarWithAlamofire.release.xcconfig */;
			buildSettings = {
				ASSETCATALOG_COMPILER_APPICON_NAME = AppIcon;
				INFOPLIST_FILE = SearchBarWithAlamofire/Info.plist;
				LD_RUNPATH_SEARCH_PATHS = "$(inherited) @executable_path/Frameworks";
				PRODUCT_BUNDLE_IDENTIFIER = com.all2sale.SearchBarWithAlamofire;
				PRODUCT_NAME = "$(TARGET_NAME)";
			};
			name = Release;
		};
/* End XCBuildConfiguration section */

/* Begin XCConfigurationList section */
		848AE6E31CE9B81F0001A596 /* Build configuration list for PBXProject "SearchBarWithAlamofire" */ = {
			isa = XCConfigurationList;
			buildConfigurations = (
				848AE6F81CE9B81F0001A596 /* Debug */,
				848AE6F91CE9B81F0001A596 /* Release */,
			);
			defaultConfigurationIsVisible = 0;
			defaultConfigurationName = Release;
		};
		848AE6FA1CE9B81F0001A596 /* Build configuration list for PBXNativeTarget "SearchBarWithAlamofire" */ = {
			isa = XCConfigurationList;
			buildConfigurations = (
				848AE6FB1CE9B81F0001A596 /* Debug */,
				848AE6FC1CE9B81F0001A596 /* Release */,
			);
			defaultConfigurationIsVisible = 0;
			defaultConfigurationName = Release;
		};
/* End XCConfigurationList section */
	};
	rootObject = 848AE6E01CE9B81F0001A596 /* Project object */;
}
